
Microsoft Visual Studio Solution File, Format Version 12.00
# Visual Studio Version 17
VisualStudioVersion = 17.7.34221.43
MinimumVisualStudioVersion = 10.0.40219.1
Project("{9A19103F-16F7-4668-BE54-9A1E7A4F7556}") = "BookShop.WebAPI", "BookShop.WebAPI\BookShop.WebAPI.csproj", "{62493ECA-436E-498E-975A-858E7B348AB6}"
EndProject
Project("{9A19103F-16F7-4668-BE54-9A1E7A4F7556}") = "BookShop.BL", "BookShop.BL\BookShop.BL.csproj", "{C6DCD401-E571-4EAF-A544-A00845E0044C}"
EndProject
Project("{9A19103F-16F7-4668-BE54-9A1E7A4F7556}") = "BookShop.DataAccess", "BookShop.DataAccess\BookShop.DataAccess.csproj", "{CD756111-A23B-42B4-B6C4-9C04AC7917F2}"
EndProject
Project("{2150E333-8FDC-42A3-9474-1A3956D46DE8}") = "Test", "Test", "{B9B3F6BC-D2FF-4BB2-B72E-4998CD9E9991}"
EndProject
Project("{9A19103F-16F7-4668-BE54-9A1E7A4F7556}") = "BookShop.UnitTest", "BookShop.UnitTest\BookShop.UnitTest.csproj", "{1D2D14F2-F428-4210-A7D8-DDC9EBA348FC}"
EndProject
Project("{FAE04EC0-301F-11D3-BF4B-00C04F79EFBC}") = "BookShop.BL.UnitTest", "BookShop.BL.UnitTest\BookShop.BL.UnitTest.csproj", "{27FF5D0F-1D63-400B-87D8-FBF53D8D29F9}"
EndProject
Global
	GlobalSection(SolutionConfigurationPlatforms) = preSolution
		Debug|Any CPU = Debug|Any CPU
		Release|Any CPU = Release|Any CPU
	EndGlobalSection
	GlobalSection(ProjectConfigurationPlatforms) = postSolution
		{62493ECA-436E-498E-975A-858E7B348AB6}.Debug|Any CPU.ActiveCfg = Debug|Any CPU
		{62493ECA-436E-498E-975A-858E7B348AB6}.Debug|Any CPU.Build.0 = Debug|Any CPU
		{62493ECA-436E-498E-975A-858E7B348AB6}.Release|Any CPU.ActiveCfg = Release|Any CPU
		{62493ECA-436E-498E-975A-858E7B348AB6}.Release|Any CPU.Build.0 = Release|Any CPU
		{C6DCD401-E571-4EAF-A544-A00845E0044C}.Debug|Any CPU.ActiveCfg = Debug|Any CPU
		{C6DCD401-E571-4EAF-A544-A00845E0044C}.Debug|Any CPU.Build.0 = Debug|Any CPU
		{C6DCD401-E571-4EAF-A544-A00845E0044C}.Release|Any CPU.ActiveCfg = Release|Any CPU
		{C6DCD401-E571-4EAF-A544-A00845E0044C}.Release|Any CPU.Build.0 = Release|Any CPU
		{CD756111-A23B-42B4-B6C4-9C04AC7917F2}.Debug|Any CPU.ActiveCfg = Debug|Any CPU
		{CD756111-A23B-42B4-B6C4-9C04AC7917F2}.Debug|Any CPU.Build.0 = Debug|Any CPU
		{CD756111-A23B-42B4-B6C4-9C04AC7917F2}.Release|Any CPU.ActiveCfg = Release|Any CPU
		{CD756111-A23B-42B4-B6C4-9C04AC7917F2}.Release|Any CPU.Build.0 = Release|Any CPU
		{1D2D14F2-F428-4210-A7D8-DDC9EBA348FC}.Debug|Any CPU.ActiveCfg = Debug|Any CPU
		{1D2D14F2-F428-4210-A7D8-DDC9EBA348FC}.Debug|Any CPU.Build.0 = Debug|Any CPU
		{1D2D14F2-F428-4210-A7D8-DDC9EBA348FC}.Release|Any CPU.ActiveCfg = Release|Any CPU
		{1D2D14F2-F428-4210-A7D8-DDC9EBA348FC}.Release|Any CPU.Build.0 = Release|Any CPU
		{27FF5D0F-1D63-400B-87D8-FBF53D8D29F9}.Debug|Any CPU.ActiveCfg = Debug|Any CPU
		{27FF5D0F-1D63-400B-87D8-FBF53D8D29F9}.Debug|Any CPU.Build.0 = Debug|Any CPU
		{27FF5D0F-1D63-400B-87D8-FBF53D8D29F9}.Release|Any CPU.ActiveCfg = Release|Any CPU
		{27FF5D0F-1D63-400B-87D8-FBF53D8D29F9}.Release|Any CPU.Build.0 = Release|Any CPU
	EndGlobalSection
	GlobalSection(SolutionProperties) = preSolution
		HideSolutionNode = FALSE
	EndGlobalSection
	GlobalSection(NestedProjects) = preSolution
		{1D2D14F2-F428-4210-A7D8-DDC9EBA348FC} = {B9B3F6BC-D2FF-4BB2-B72E-4998CD9E9991}
		{27FF5D0F-1D63-400B-87D8-FBF53D8D29F9} = {B9B3F6BC-D2FF-4BB2-B72E-4998CD9E9991}
	EndGlobalSection
	GlobalSection(ExtensibilityGlobals) = postSolution
		SolutionGuid = {FCF95BD8-FE93-4695-ABC1-19E757F41060}
	EndGlobalSection
EndGlobal
